
Microsoft Visual Studio Solution File, Format Version 12.00
# Visual Studio Version 16
VisualStudioVersion = 16.0.32228.343
MinimumVisualStudioVersion = 10.0.40219.1
Project("{FAE04EC0-301F-11D3-BF4B-00C04F79EFBC}") = "Ejercicio1DeSantiagoLeguizamon", "Ejercicio1DeSantiagoLeguizamon.csproj", "{1C9BD266-B05A-49D0-A55B-DB7996C3075B}"
EndProject
Global
	GlobalSection(SolutionConfigurationPlatforms) = preSolution
		Debug|Any CPU = Debug|Any CPU
		Release|Any CPU = Release|Any CPU
	EndGlobalSection
	GlobalSection(ProjectConfigurationPlatforms) = postSolution
		{1C9BD266-B05A-49D0-A55B-DB7996C3075B}.Debug|Any CPU.ActiveCfg = Debug|Any CPU
		{1C9BD266-B05A-49D0-A55B-DB7996C3075B}.Debug|Any CPU.Build.0 = Debug|Any CPU
		{1C9BD266-B05A-49D0-A55B-DB7996C3075B}.Release|Any CPU.ActiveCfg = Release|Any CPU
		{1C9BD266-B05A-49D0-A55B-DB7996C3075B}.Release|Any CPU.Build.0 = Release|Any CPU
	EndGlobalSection
	GlobalSection(SolutionProperties) = preSolution
		HideSolutionNode = FALSE
	EndGlobalSection
	GlobalSection(ExtensibilityGlobals) = postSolution
		SolutionGuid = {FBC7AE0A-F8F0-45B8-82DB-9AD2059336BD}
	EndGlobalSection
EndGlobal
